
Microsoft Visual Studio Solution File, Format Version 12.00
# Visual Studio Version 17
VisualStudioVersion = 17.9.34701.34
MinimumVisualStudioVersion = 10.0.40219.1
Project("{FAE04EC0-301F-11D3-BF4B-00C04F79EFBC}") = "Async-Await", "Async-Await\Async-Await.csproj", "{106FB84E-FAD8-400F-9CBE-9300E32C9157}"
EndProject
Global
	GlobalSection(SolutionConfigurationPlatforms) = preSolution
		Debug|Any CPU = Debug|Any CPU
		Release|Any CPU = Release|Any CPU
	EndGlobalSection
	GlobalSection(ProjectConfigurationPlatforms) = postSolution
		{106FB84E-FAD8-400F-9CBE-9300E32C9157}.Debug|Any CPU.ActiveCfg = Debug|Any CPU
		{106FB84E-FAD8-400F-9CBE-9300E32C9157}.Debug|Any CPU.Build.0 = Debug|Any CPU
		{106FB84E-FAD8-400F-9CBE-9300E32C9157}.Release|Any CPU.ActiveCfg = Release|Any CPU
		{106FB84E-FAD8-400F-9CBE-9300E32C9157}.Release|Any CPU.Build.0 = Release|Any CPU
	EndGlobalSection
	GlobalSection(SolutionProperties) = preSolution
		HideSolutionNode = FALSE
	EndGlobalSection
	GlobalSection(ExtensibilityGlobals) = postSolution
		SolutionGuid = {F4289331-88B8-430C-A785-CE74E1652986}
	EndGlobalSection
EndGlobal
